// !$*UTF8*$!
{
	archiveVersion = 1;
	classes = {
	};
	objectVersion = 46;
	objects = {

/* Begin PBXBuildFile section */
		42A70BB415FFA9B200B8D79B /* Cocoa.framework in Frameworks */ = {isa = PBXBuildFile; fileRef = 42A70BB315FFA9B200B8D79B /* Cocoa.framework */; };
		42A70BBE15FFA9B200B8D79B /* InfoPlist.strings in Resources */ = {isa = PBXBuildFile; fileRef = 42A70BBC15FFA9B200B8D79B /* InfoPlist.strings */; };
		42A70BC715FFA9B200B8D79B /* SenTestingKit.framework in Frameworks */ = {isa = PBXBuildFile; fileRef = 42A70BC615FFA9B200B8D79B /* SenTestingKit.framework */; };
		42A70BC815FFA9B200B8D79B /* Cocoa.framework in Frameworks */ = {isa = PBXBuildFile; fileRef = 42A70BB315FFA9B200B8D79B /* Cocoa.framework */; };
		42A70BCB15FFA9B200B8D79B /* OmniScript-Mac.framework in Frameworks */ = {isa = PBXBuildFile; fileRef = 42A70BB015FFA9B200B8D79B /* OmniScript-Mac.framework */; };
		42A70BD115FFA9B200B8D79B /* InfoPlist.strings in Resources */ = {isa = PBXBuildFile; fileRef = 42A70BCF15FFA9B200B8D79B /* InfoPlist.strings */; };
		42A70BD415FFA9B200B8D79B /* OmniScript_MacTests.m in Sources */ = {isa = PBXBuildFile; fileRef = 42A70BD315FFA9B200B8D79B /* OmniScript_MacTests.m */; };
/* End PBXBuildFile section */

/* Begin PBXContainerItemProxy section */
		42A70BC915FFA9B200B8D79B /* PBXContainerItemProxy */ = {
			isa = PBXContainerItemProxy;
			containerPortal = 42A70BA615FFA9B200B8D79B /* Project object */;
			proxyType = 1;
			remoteGlobalIDString = 42A70BAF15FFA9B200B8D79B;
			remoteInfo = "OmniScript-Mac";
		};
/* End PBXContainerItemProxy section */

/* Begin PBXFileReference section */
		42A70BB015FFA9B200B8D79B /* OmniScript-Mac.framework */ = {isa = PBXFileReference; explicitFileType = wrapper.framework; includeInIndex = 0; path = "OmniScript-Mac.framework"; sourceTree = BUILT_PRODUCTS_DIR; };
		42A70BB315FFA9B200B8D79B /* Cocoa.framework */ = {isa = PBXFileReference; lastKnownFileType = wrapper.framework; name = Cocoa.framework; path = System/Library/Frameworks/Cocoa.framework; sourceTree = SDKROOT; };
		42A70BB615FFA9B200B8D79B /* AppKit.framework */ = {isa = PBXFileReference; lastKnownFileType = wrapper.framework; name = AppKit.framework; path = System/Library/Frameworks/AppKit.framework; sourceTree = SDKROOT; };
		42A70BB715FFA9B200B8D79B /* CoreData.framework */ = {isa = PBXFileReference; lastKnownFileType = wrapper.framework; name = CoreData.framework; path = System/Library/Frameworks/CoreData.framework; sourceTree = SDKROOT; };
		42A70BB815FFA9B200B8D79B /* Foundation.framework */ = {isa = PBXFileReference; lastKnownFileType = wrapper.framework; name = Foundation.framework; path = System/Library/Frameworks/Foundation.framework; sourceTree = SDKROOT; };
		42A70BBB15FFA9B200B8D79B /* OmniScript-Mac-Info.plist */ = {isa = PBXFileReference; lastKnownFileType = text.plist.xml; path = "OmniScript-Mac-Info.plist"; sourceTree = "<group>"; };
		42A70BBD15FFA9B200B8D79B /* en */ = {isa = PBXFileReference; lastKnownFileType = text.plist.strings; name = en; path = en.lproj/InfoPlist.strings; sourceTree = "<group>"; };
		42A70BBF15FFA9B200B8D79B /* OmniScript-Mac-Prefix.pch */ = {isa = PBXFileReference; lastKnownFileType = sourcecode.c.h; path = "OmniScript-Mac-Prefix.pch"; sourceTree = "<group>"; };
		42A70BC515FFA9B200B8D79B /* OmniScript-MacTests.octest */ = {isa = PBXFileReference; explicitFileType = wrapper.cfbundle; includeInIndex = 0; path = "OmniScript-MacTests.octest"; sourceTree = BUILT_PRODUCTS_DIR; };
		42A70BC615FFA9B200B8D79B /* SenTestingKit.framework */ = {isa = PBXFileReference; lastKnownFileType = wrapper.framework; name = SenTestingKit.framework; path = Library/Frameworks/SenTestingKit.framework; sourceTree = DEVELOPER_DIR; };
		42A70BCE15FFA9B200B8D79B /* OmniScript-MacTests-Info.plist */ = {isa = PBXFileReference; lastKnownFileType = text.plist.xml; path = "OmniScript-MacTests-Info.plist"; sourceTree = "<group>"; };
		42A70BD015FFA9B200B8D79B /* en */ = {isa = PBXFileReference; lastKnownFileType = text.plist.strings; name = en; path = en.lproj/InfoPlist.strings; sourceTree = "<group>"; };
		42A70BD215FFA9B200B8D79B /* OmniScript_MacTests.h */ = {isa = PBXFileReference; lastKnownFileType = sourcecode.c.h; path = OmniScript_MacTests.h; sourceTree = "<group>"; };
		42A70BD315FFA9B200B8D79B /* OmniScript_MacTests.m */ = {isa = PBXFileReference; lastKnownFileType = sourcecode.c.objc; path = OmniScript_MacTests.m; sourceTree = "<group>"; };
/* End PBXFileReference section */

/* Begin PBXFrameworksBuildPhase section */
		42A70BAC15FFA9B200B8D79B /* Frameworks */ = {
			isa = PBXFrameworksBuildPhase;
			buildActionMask = 2147483647;
			files = (
				42A70BB415FFA9B200B8D79B /* Cocoa.framework in Frameworks */,
			);
			runOnlyForDeploymentPostprocessing = 0;
		};
		42A70BC115FFA9B200B8D79B /* Frameworks */ = {
			isa = PBXFrameworksBuildPhase;
			buildActionMask = 2147483647;
			files = (
				42A70BC715FFA9B200B8D79B /* SenTestingKit.framework in Frameworks */,
				42A70BC815FFA9B200B8D79B /* Cocoa.framework in Frameworks */,
				42A70BCB15FFA9B200B8D79B /* OmniScript-Mac.framework in Frameworks */,
			);
			runOnlyForDeploymentPostprocessing = 0;
		};
/* End PBXFrameworksBuildPhase section */

/* Begin PBXGroup section */
		42A70BA415FFA9B200B8D79B = {
			isa = PBXGroup;
			children = (
				42A70BB915FFA9B200B8D79B /* OmniScript-Mac */,
				42A70BCC15FFA9B200B8D79B /* OmniScript-MacTests */,
				42A70BB215FFA9B200B8D79B /* Frameworks */,
				42A70BB115FFA9B200B8D79B /* Products */,
			);
			sourceTree = "<group>";
		};
		42A70BB115FFA9B200B8D79B /* Products */ = {
			isa = PBXGroup;
			children = (
				42A70BB015FFA9B200B8D79B /* OmniScript-Mac.framework */,
				42A70BC515FFA9B200B8D79B /* OmniScript-MacTests.octest */,
			);
			name = Products;
			sourceTree = "<group>";
		};
		42A70BB215FFA9B200B8D79B /* Frameworks */ = {
			isa = PBXGroup;
			children = (
				42A70BB315FFA9B200B8D79B /* Cocoa.framework */,
				42A70BC615FFA9B200B8D79B /* SenTestingKit.framework */,
				42A70BB515FFA9B200B8D79B /* Other Frameworks */,
			);
			name = Frameworks;
			sourceTree = "<group>";
		};
		42A70BB515FFA9B200B8D79B /* Other Frameworks */ = {
			isa = PBXGroup;
			children = (
				42A70BB615FFA9B200B8D79B /* AppKit.framework */,
				42A70BB715FFA9B200B8D79B /* CoreData.framework */,
				42A70BB815FFA9B200B8D79B /* Foundation.framework */,
			);
			name = "Other Frameworks";
			sourceTree = "<group>";
		};
		42A70BB915FFA9B200B8D79B /* OmniScript-Mac */ = {
			isa = PBXGroup;
			children = (
				42A70BBA15FFA9B200B8D79B /* Supporting Files */,
			);
			path = "OmniScript-Mac";
			sourceTree = "<group>";
		};
		42A70BBA15FFA9B200B8D79B /* Supporting Files */ = {
			isa = PBXGroup;
			children = (
				42A70BBB15FFA9B200B8D79B /* OmniScript-Mac-Info.plist */,
				42A70BBC15FFA9B200B8D79B /* InfoPlist.strings */,
				42A70BBF15FFA9B200B8D79B /* OmniScript-Mac-Prefix.pch */,
			);
			name = "Supporting Files";
			sourceTree = "<group>";
		};
		42A70BCC15FFA9B200B8D79B /* OmniScript-MacTests */ = {
			isa = PBXGroup;
			children = (
				42A70BD215FFA9B200B8D79B /* OmniScript_MacTests.h */,
				42A70BD315FFA9B200B8D79B /* OmniScript_MacTests.m */,
				42A70BCD15FFA9B200B8D79B /* Supporting Files */,
			);
			path = "OmniScript-MacTests";
			sourceTree = "<group>";
		};
		42A70BCD15FFA9B200B8D79B /* Supporting Files */ = {
			isa = PBXGroup;
			children = (
				42A70BCE15FFA9B200B8D79B /* OmniScript-MacTests-Info.plist */,
				42A70BCF15FFA9B200B8D79B /* InfoPlist.strings */,
			);
			name = "Supporting Files";
			sourceTree = "<group>";
		};
/* End PBXGroup section */

/* Begin PBXHeadersBuildPhase section */
		42A70BAD15FFA9B200B8D79B /* Headers */ = {
			isa = PBXHeadersBuildPhase;
			buildActionMask = 2147483647;
			files = (
			);
			runOnlyForDeploymentPostprocessing = 0;
		};
/* End PBXHeadersBuildPhase section */

/* Begin PBXNativeTarget section */
		42A70BAF15FFA9B200B8D79B /* OmniScript-Mac */ = {
			isa = PBXNativeTarget;
			buildConfigurationList = 42A70BD715FFA9B200B8D79B /* Build configuration list for PBXNativeTarget "OmniScript-Mac" */;
			buildPhases = (
				42A70BAB15FFA9B200B8D79B /* Sources */,
				42A70BAC15FFA9B200B8D79B /* Frameworks */,
				42A70BAD15FFA9B200B8D79B /* Headers */,
				42A70BAE15FFA9B200B8D79B /* Resources */,
			);
			buildRules = (
			);
			dependencies = (
			);
			name = "OmniScript-Mac";
			productName = "OmniScript-Mac";
			productReference = 42A70BB015FFA9B200B8D79B /* OmniScript-Mac.framework */;
			productType = "com.apple.product-type.framework";
		};
		42A70BC415FFA9B200B8D79B /* OmniScript-MacTests */ = {
			isa = PBXNativeTarget;
			buildConfigurationList = 42A70BDA15FFA9B200B8D79B /* Build configuration list for PBXNativeTarget "OmniScript-MacTests" */;
			buildPhases = (
				42A70BC015FFA9B200B8D79B /* Sources */,
				42A70BC115FFA9B200B8D79B /* Frameworks */,
				42A70BC215FFA9B200B8D79B /* Resources */,
				42A70BC315FFA9B200B8D79B /* ShellScript */,
			);
			buildRules = (
			);
			dependencies = (
				42A70BCA15FFA9B200B8D79B /* PBXTargetDependency */,
			);
			name = "OmniScript-MacTests";
			productName = "OmniScript-MacTests";
			productReference = 42A70BC515FFA9B200B8D79B /* OmniScript-MacTests.octest */;
			productType = "com.apple.product-type.bundle";
		};
/* End PBXNativeTarget section */

/* Begin PBXProject section */
		42A70BA615FFA9B200B8D79B /* Project object */ = {
			isa = PBXProject;
			attributes = {
				LastUpgradeCheck = 0450;
				ORGANIZATIONNAME = "The Omni Group";
			};
			buildConfigurationList = 42A70BA915FFA9B200B8D79B /* Build configuration list for PBXProject "OmniScript-Mac" */;
			compatibilityVersion = "Xcode 3.2";
			developmentRegion = English;
			hasScannedForEncodings = 0;
			knownRegions = (
				en,
			);
			mainGroup = 42A70BA415FFA9B200B8D79B;
			productRefGroup = 42A70BB115FFA9B200B8D79B /* Products */;
			projectDirPath = "";
			projectRoot = "";
			targets = (
				42A70BAF15FFA9B200B8D79B /* OmniScript-Mac */,
				42A70BC415FFA9B200B8D79B /* OmniScript-MacTests */,
			);
		};
/* End PBXProject section */

/* Begin PBXResourcesBuildPhase section */
		42A70BAE15FFA9B200B8D79B /* Resources */ = {
			isa = PBXResourcesBuildPhase;
			buildActionMask = 2147483647;
			files = (
				42A70BBE15FFA9B200B8D79B /* InfoPlist.strings in Resources */,
			);
			runOnlyForDeploymentPostprocessing = 0;
		};
		42A70BC215FFA9B200B8D79B /* Resources */ = {
			isa = PBXResourcesBuildPhase;
			buildActionMask = 2147483647;
			files = (
				42A70BD115FFA9B200B8D79B /* InfoPlist.strings in Resources */,
			);
			runOnlyForDeploymentPostprocessing = 0;
		};
/* End PBXResourcesBuildPhase section */

/* Begin PBXShellScriptBuildPhase section */
		42A70BC315FFA9B200B8D79B /* ShellScript */ = {
			isa = PBXShellScriptBuildPhase;
			buildActionMask = 2147483647;
			files = (
			);
			inputPaths = (
			);
			outputPaths = (
			);
			runOnlyForDeploymentPostprocessing = 0;
			shellPath = /bin/sh;
			shellScript = "# Run the unit tests in this test bundle.\n\"${SYSTEM_DEVELOPER_DIR}/Tools/RunUnitTests\"\n";
		};
/* End PBXShellScriptBuildPhase section */

/* Begin PBXSourcesBuildPhase section */
		42A70BAB15FFA9B200B8D79B /* Sources */ = {
			isa = PBXSourcesBuildPhase;
			buildActionMask = 2147483647;
			files = (
			);
			runOnlyForDeploymentPostprocessing = 0;
		};
		42A70BC015FFA9B200B8D79B /* Sources */ = {
			isa = PBXSourcesBuildPhase;
			buildActionMask = 2147483647;
			files = (
				42A70BD415FFA9B200B8D79B /* OmniScript_MacTests.m in Sources */,
			);
			runOnlyForDeploymentPostprocessing = 0;
		};
/* End PBXSourcesBuildPhase section */

/* Begin PBXTargetDependency section */
		42A70BCA15FFA9B200B8D79B /* PBXTargetDependency */ = {
			isa = PBXTargetDependency;
			target = 42A70BAF15FFA9B200B8D79B /* OmniScript-Mac */;
			targetProxy = 42A70BC915FFA9B200B8D79B /* PBXContainerItemProxy */;
		};
/* End PBXTargetDependency section */

/* Begin PBXVariantGroup section */
		42A70BBC15FFA9B200B8D79B /* InfoPlist.strings */ = {
			isa = PBXVariantGroup;
			children = (
				42A70BBD15FFA9B200B8D79B /* en */,
			);
			name = InfoPlist.strings;
			sourceTree = "<group>";
		};
		42A70BCF15FFA9B200B8D79B /* InfoPlist.strings */ = {
			isa = PBXVariantGroup;
			children = (
				42A70BD015FFA9B200B8D79B /* en */,
			);
			name = InfoPlist.strings;
			sourceTree = "<group>";
		};
/* End PBXVariantGroup section */

/* Begin XCBuildConfiguration section */
		42A70BD515FFA9B200B8D79B /* Debug */ = {
			isa = XCBuildConfiguration;
			buildSettings = {
				ALWAYS_SEARCH_USER_PATHS = NO;
				ARCHS = "$(ARCHS_STANDARD_64_BIT)";
				CLANG_CXX_LANGUAGE_STANDARD = "gnu++0x";
				CLANG_CXX_LIBRARY = "libc++";
				CLANG_WARN__DUPLICATE_METHOD_MATCH = YES;
				COPY_PHASE_STRIP = NO;
				GCC_C_LANGUAGE_STANDARD = gnu99;
				GCC_DYNAMIC_NO_PIC = NO;
				GCC_ENABLE_OBJC_EXCEPTIONS = YES;
				GCC_OPTIMIZATION_LEVEL = 0;
				GCC_PREPROCESSOR_DEFINITIONS = (
					"DEBUG=1",
					"$(inherited)",
				);
				GCC_SYMBOLS_PRIVATE_EXTERN = NO;
				GCC_WARN_64_TO_32_BIT_CONVERSION = YES;
				GCC_WARN_ABOUT_RETURN_TYPE = YES;
				GCC_WARN_UNINITIALIZED_AUTOS = YES;
				GCC_WARN_UNUSED_VARIABLE = YES;
				MACOSX_DEPLOYMENT_TARGET = 10.8;
				ONLY_ACTIVE_ARCH = YES;
				SDKROOT = macosx;
			};
			name = Debug;
		};
		42A70BD615FFA9B200B8D79B /* Release */ = {
			isa = XCBuildConfiguration;
			buildSettings = {
				ALWAYS_SEARCH_USER_PATHS = NO;
				ARCHS = "$(ARCHS_STANDARD_64_BIT)";
				CLANG_CXX_LANGUAGE_STANDARD = "gnu++0x";
				CLANG_CXX_LIBRARY = "libc++";
				CLANG_WARN__DUPLICATE_METHOD_MATCH = YES;
				COPY_PHASE_STRIP = YES;
				DEBUG_INFORMATION_FORMAT = "dwarf-with-dsym";
				GCC_C_LANGUAGE_STANDARD = gnu99;
				GCC_ENABLE_OBJC_EXCEPTIONS = YES;
				GCC_WARN_64_TO_32_BIT_CONVERSION = YES;
				GCC_WARN_ABOUT_RETURN_TYPE = YES;
				GCC_WARN_UNINITIALIZED_AUTOS = YES;
				GCC_WARN_UNUSED_VARIABLE = YES;
				MACOSX_DEPLOYMENT_TARGET = 10.8;
				SDKROOT = macosx;
			};
			name = Release;
		};
		42A70BD815FFA9B200B8D79B /* Debug */ = {
			isa = XCBuildConfiguration;
			buildSettings = {
				DYLIB_COMPATIBILITY_VERSION = 1;
				DYLIB_CURRENT_VERSION = 1;
				FRAMEWORK_VERSION = A;
				GCC_PRECOMPILE_PREFIX_HEADER = YES;
				GCC_PREFIX_HEADER = "OmniScript-Mac/OmniScript-Mac-Prefix.pch";
				INFOPLIST_FILE = "OmniScript-Mac/OmniScript-Mac-Info.plist";
				PRODUCT_NAME = "$(TARGET_NAME)";
				WRAPPER_EXTENSION = framework;
			};
			name = Debug;
		};
		42A70BD915FFA9B200B8D79B /* Release */ = {
			isa = XCBuildConfiguration;
			buildSettings = {
				DYLIB_COMPATIBILITY_VERSION = 1;
				DYLIB_CURRENT_VERSION = 1;
				FRAMEWORK_VERSION = A;
				GCC_PRECOMPILE_PREFIX_HEADER = YES;
				GCC_PREFIX_HEADER = "OmniScript-Mac/OmniScript-Mac-Prefix.pch";
				INFOPLIST_FILE = "OmniScript-Mac/OmniScript-Mac-Info.plist";
				PRODUCT_NAME = "$(TARGET_NAME)";
				WRAPPER_EXTENSION = framework;
			};
			name = Release;
		};
		42A70BDB15FFA9B200B8D79B /* Debug */ = {
			isa = XCBuildConfiguration;
			buildSettings = {
				CLANG_ENABLE_OBJC_ARC = YES;
				COMBINE_HIDPI_IMAGES = YES;
				FRAMEWORK_SEARCH_PATHS = "\"$(DEVELOPER_LIBRARY_DIR)/Frameworks\"";
				GCC_PRECOMPILE_PREFIX_HEADER = YES;
				GCC_PREFIX_HEADER = "OmniScript-Mac/OmniScript-Mac-Prefix.pch";
				INFOPLIST_FILE = "OmniScript-MacTests/OmniScript-MacTests-Info.plist";
				PRODUCT_NAME = "$(TARGET_NAME)";
				WRAPPER_EXTENSION = octest;
			};
			name = Debug;
		};
		42A70BDC15FFA9B200B8D79B /* Release */ = {
			isa = XCBuildConfiguration;
			buildSettings = {
				CLANG_ENABLE_OBJC_ARC = YES;
				COMBINE_HIDPI_IMAGES = YES;
				FRAMEWORK_SEARCH_PATHS = "\"$(DEVELOPER_LIBRARY_DIR)/Frameworks\"";
				GCC_PRECOMPILE_PREFIX_HEADER = YES;
				GCC_PREFIX_HEADER = "OmniScript-Mac/OmniScript-Mac-Prefix.pch";
				INFOPLIST_FILE = "OmniScript-MacTests/OmniScript-MacTests-Info.plist";
				PRODUCT_NAME = "$(TARGET_NAME)";
				WRAPPER_EXTENSION = octest;
			};
			name = Release;
		};
/* End XCBuildConfiguration section */

/* Begin XCConfigurationList section */
		42A70BA915FFA9B200B8D79B /* Build configuration list for PBXProject "OmniScript-Mac" */ = {
			isa = XCConfigurationList;
			buildConfigurations = (
				42A70BD515FFA9B200B8D79B /* Debug */,
				42A70BD615FFA9B200B8D79B /* Release */,
			);
			defaultConfigurationIsVisible = 0;
			defaultConfigurationName = Release;
		};
		42A70BD715FFA9B200B8D79B /* Build configuration list for PBXNativeTarget "OmniScript-Mac" */ = {
			isa = XCConfigurationList;
			buildConfigurations = (
				42A70BD815FFA9B200B8D79B /* Debug */,
				42A70BD915FFA9B200B8D79B /* Release */,
			);
			defaultConfigurationIsVisible = 0;
		};
		42A70BDA15FFA9B200B8D79B /* Build configuration list for PBXNativeTarget "OmniScript-MacTests" */ = {
			isa = XCConfigurationList;
			buildConfigurations = (
				42A70BDB15FFA9B200B8D79B /* Debug */,
				42A70BDC15FFA9B200B8D79B /* Release */,
			);
			defaultConfigurationIsVisible = 0;
		};
/* End XCConfigurationList section */
	};
	rootObject = 42A70BA615FFA9B200B8D79B /* Project object */;
}
